
Microsoft Visual Studio Solution File, Format Version 12.00
# Visual Studio Version 16
VisualStudioVersion = 16.0.808.2
MinimumVisualStudioVersion = 10.0.40219.1
Project("{FAE04EC0-301F-11D3-BF4B-00C04F79EFBC}") = "Ringer", "Ringer\Ringer.csproj", "{13E212B1-EE2F-40ED-B7DB-34F502C0C8F8}"
EndProject
Global
	GlobalSection(SolutionConfigurationPlatforms) = preSolution
		Debug|Any CPU = Debug|Any CPU
		Release|Any CPU = Release|Any CPU
	EndGlobalSection
	GlobalSection(ProjectConfigurationPlatforms) = postSolution
		{13E212B1-EE2F-40ED-B7DB-34F502C0C8F8}.Debug|Any CPU.ActiveCfg = Debug|Any CPU
		{13E212B1-EE2F-40ED-B7DB-34F502C0C8F8}.Debug|Any CPU.Build.0 = Debug|Any CPU
		{13E212B1-EE2F-40ED-B7DB-34F502C0C8F8}.Release|Any CPU.ActiveCfg = Release|Any CPU
		{13E212B1-EE2F-40ED-B7DB-34F502C0C8F8}.Release|Any CPU.Build.0 = Release|Any CPU
	EndGlobalSection
	GlobalSection(SolutionProperties) = preSolution
		HideSolutionNode = FALSE
	EndGlobalSection
	GlobalSection(ExtensibilityGlobals) = postSolution
		SolutionGuid = {00E363E8-815C-419F-B51F-ABE186ACB340}
	EndGlobalSection
EndGlobal
